
Microsoft Visual Studio Solution File, Format Version 12.00
# Visual Studio 15
Project("{FAE04EC0-301F-11D3-BF4B-00C04F79EFBC}") = "trigger-blob-added", "trigger-blob-added.csproj", "{D70216BF-1137-475D-B0C5-70091C8550E2}"
EndProject
Global
	GlobalSection(SolutionConfigurationPlatforms) = preSolution
		Debug|Any CPU = Debug|Any CPU
		Release|Any CPU = Release|Any CPU
	EndGlobalSection
	GlobalSection(ProjectConfigurationPlatforms) = postSolution
		{D70216BF-1137-475D-B0C5-70091C8550E2}.Debug|Any CPU.ActiveCfg = Debug|Any CPU
		{D70216BF-1137-475D-B0C5-70091C8550E2}.Debug|Any CPU.Build.0 = Debug|Any CPU
		{D70216BF-1137-475D-B0C5-70091C8550E2}.Release|Any CPU.ActiveCfg = Release|Any CPU
		{D70216BF-1137-475D-B0C5-70091C8550E2}.Release|Any CPU.Build.0 = Release|Any CPU
	EndGlobalSection
EndGlobal
